
Microsoft Visual Studio Solution File, Format Version 12.00
# Visual Studio Version 17
VisualStudioVersion = 17.3.32825.248
MinimumVisualStudioVersion = 10.0.40219.1
Project("{FAE04EC0-301F-11D3-BF4B-00C04F79EFBC}") = "Week5Logicoperators", "Week5Logicoperators\Week5Logicoperators.csproj", "{FBCAAAE7-FDAC-4790-970A-E9576C532DC1}"
EndProject
Project("{FAE04EC0-301F-11D3-BF4B-00C04F79EFBC}") = "ANDOperator", "ANDOperator\ANDOperator.csproj", "{CDFCB34D-1D6D-475B-9EC7-9930AD06F480}"
EndProject
Project("{FAE04EC0-301F-11D3-BF4B-00C04F79EFBC}") = "ORoperator", "ORoperator\ORoperator.csproj", "{8A977B2B-9C2D-42D4-9745-022D90E5F65B}"
EndProject
Project("{FAE04EC0-301F-11D3-BF4B-00C04F79EFBC}") = "ANDranges", "ANDranges\ANDranges.csproj", "{DD17ED15-E978-4DE4-B41B-DD9C1F4F0430}"
EndProject
Global
	GlobalSection(SolutionConfigurationPlatforms) = preSolution
		Debug|Any CPU = Debug|Any CPU
		Release|Any CPU = Release|Any CPU
	EndGlobalSection
	GlobalSection(ProjectConfigurationPlatforms) = postSolution
		{FBCAAAE7-FDAC-4790-970A-E9576C532DC1}.Debug|Any CPU.ActiveCfg = Debug|Any CPU
		{FBCAAAE7-FDAC-4790-970A-E9576C532DC1}.Debug|Any CPU.Build.0 = Debug|Any CPU
		{FBCAAAE7-FDAC-4790-970A-E9576C532DC1}.Release|Any CPU.ActiveCfg = Release|Any CPU
		{FBCAAAE7-FDAC-4790-970A-E9576C532DC1}.Release|Any CPU.Build.0 = Release|Any CPU
		{CDFCB34D-1D6D-475B-9EC7-9930AD06F480}.Debug|Any CPU.ActiveCfg = Debug|Any CPU
		{CDFCB34D-1D6D-475B-9EC7-9930AD06F480}.Debug|Any CPU.Build.0 = Debug|Any CPU
		{CDFCB34D-1D6D-475B-9EC7-9930AD06F480}.Release|Any CPU.ActiveCfg = Release|Any CPU
		{CDFCB34D-1D6D-475B-9EC7-9930AD06F480}.Release|Any CPU.Build.0 = Release|Any CPU
		{8A977B2B-9C2D-42D4-9745-022D90E5F65B}.Debug|Any CPU.ActiveCfg = Debug|Any CPU
		{8A977B2B-9C2D-42D4-9745-022D90E5F65B}.Debug|Any CPU.Build.0 = Debug|Any CPU
		{8A977B2B-9C2D-42D4-9745-022D90E5F65B}.Release|Any CPU.ActiveCfg = Release|Any CPU
		{8A977B2B-9C2D-42D4-9745-022D90E5F65B}.Release|Any CPU.Build.0 = Release|Any CPU
		{DD17ED15-E978-4DE4-B41B-DD9C1F4F0430}.Debug|Any CPU.ActiveCfg = Debug|Any CPU
		{DD17ED15-E978-4DE4-B41B-DD9C1F4F0430}.Debug|Any CPU.Build.0 = Debug|Any CPU
		{DD17ED15-E978-4DE4-B41B-DD9C1F4F0430}.Release|Any CPU.ActiveCfg = Release|Any CPU
		{DD17ED15-E978-4DE4-B41B-DD9C1F4F0430}.Release|Any CPU.Build.0 = Release|Any CPU
	EndGlobalSection
	GlobalSection(SolutionProperties) = preSolution
		HideSolutionNode = FALSE
	EndGlobalSection
	GlobalSection(ExtensibilityGlobals) = postSolution
		SolutionGuid = {FB2056B8-809A-459F-B483-5C41E2AFFC68}
	EndGlobalSection
EndGlobal
